
Microsoft Visual Studio Solution File, Format Version 12.00
# Visual Studio 15
VisualStudioVersion = 15.0.26206.0
MinimumVisualStudioVersion = 10.0.40219.1
Project("{FAE04EC0-301F-11D3-BF4B-00C04F79EFBC}") = "SbsApiV2", "SbsApiV2\SbsApiV2.csproj", "{2084AFFF-F8E0-4D38-B32F-28CF0B89F819}"
EndProject
Global
	GlobalSection(SolutionConfigurationPlatforms) = preSolution
		Debug|Any CPU = Debug|Any CPU
		Debug|x64 = Debug|x64
		Debug|x86 = Debug|x86
		Release|Any CPU = Release|Any CPU
		Release|x64 = Release|x64
		Release|x86 = Release|x86
	EndGlobalSection
	GlobalSection(ProjectConfigurationPlatforms) = postSolution
		{2084AFFF-F8E0-4D38-B32F-28CF0B89F819}.Debug|Any CPU.ActiveCfg = Debug|Any CPU
		{2084AFFF-F8E0-4D38-B32F-28CF0B89F819}.Debug|Any CPU.Build.0 = Debug|Any CPU
		{2084AFFF-F8E0-4D38-B32F-28CF0B89F819}.Debug|x64.ActiveCfg = Debug|x64
		{2084AFFF-F8E0-4D38-B32F-28CF0B89F819}.Debug|x64.Build.0 = Debug|x64
		{2084AFFF-F8E0-4D38-B32F-28CF0B89F819}.Debug|x86.ActiveCfg = Debug|x86
		{2084AFFF-F8E0-4D38-B32F-28CF0B89F819}.Debug|x86.Build.0 = Debug|x86
		{2084AFFF-F8E0-4D38-B32F-28CF0B89F819}.Release|Any CPU.ActiveCfg = Release|Any CPU
		{2084AFFF-F8E0-4D38-B32F-28CF0B89F819}.Release|Any CPU.Build.0 = Release|Any CPU
		{2084AFFF-F8E0-4D38-B32F-28CF0B89F819}.Release|x64.ActiveCfg = Release|x64
		{2084AFFF-F8E0-4D38-B32F-28CF0B89F819}.Release|x64.Build.0 = Release|x64
		{2084AFFF-F8E0-4D38-B32F-28CF0B89F819}.Release|x86.ActiveCfg = Release|x86
		{2084AFFF-F8E0-4D38-B32F-28CF0B89F819}.Release|x86.Build.0 = Release|x86
	EndGlobalSection
	GlobalSection(SolutionProperties) = preSolution
		HideSolutionNode = FALSE
	EndGlobalSection
EndGlobal
